
Microsoft Visual Studio Solution File, Format Version 12.00
# Visual Studio Version 17
VisualStudioVersion = 17.8.34525.116
MinimumVisualStudioVersion = 10.0.40219.1
Project("{9A19103F-16F7-4668-BE54-9A1E7A4F7556}") = "CEPvia", "CEPvia.csproj", "{1C43DEE8-0215-4B2F-A2BD-B81214B37635}"
EndProject
Global
	GlobalSection(SolutionConfigurationPlatforms) = preSolution
		Debug|Any CPU = Debug|Any CPU
		Release|Any CPU = Release|Any CPU
	EndGlobalSection
	GlobalSection(ProjectConfigurationPlatforms) = postSolution
		{1C43DEE8-0215-4B2F-A2BD-B81214B37635}.Debug|Any CPU.ActiveCfg = Debug|Any CPU
		{1C43DEE8-0215-4B2F-A2BD-B81214B37635}.Debug|Any CPU.Build.0 = Debug|Any CPU
		{1C43DEE8-0215-4B2F-A2BD-B81214B37635}.Release|Any CPU.ActiveCfg = Release|Any CPU
		{1C43DEE8-0215-4B2F-A2BD-B81214B37635}.Release|Any CPU.Build.0 = Release|Any CPU
	EndGlobalSection
	GlobalSection(SolutionProperties) = preSolution
		HideSolutionNode = FALSE
	EndGlobalSection
	GlobalSection(ExtensibilityGlobals) = postSolution
		SolutionGuid = {29AC01E2-CF36-480B-A26C-F0CFE758D32E}
	EndGlobalSection
EndGlobal
